// !$*UTF8*$!
{
	archiveVersion = 1;
	classes = {
	};
	objectVersion = 55;
	objects = {

/* Begin PBXBuildFile section */
		B7488D872737292600DE2CED /* AppDelegate.swift in Sources */ = {isa = PBXBuildFile; fileRef = B7488D862737292600DE2CED /* AppDelegate.swift */; };
		B7488D892737292600DE2CED /* SceneDelegate.swift in Sources */ = {isa = PBXBuildFile; fileRef = B7488D882737292600DE2CED /* SceneDelegate.swift */; };
		B7488D8B2737292600DE2CED /* ViewController.swift in Sources */ = {isa = PBXBuildFile; fileRef = B7488D8A2737292600DE2CED /* ViewController.swift */; };
		B7488D902737292700DE2CED /* Assets.xcassets in Resources */ = {isa = PBXBuildFile; fileRef = B7488D8F2737292700DE2CED /* Assets.xcassets */; };
		B7488D932737292700DE2CED /* LaunchScreen.storyboard in Resources */ = {isa = PBXBuildFile; fileRef = B7488D912737292700DE2CED /* LaunchScreen.storyboard */; };
		B75FCB3627380E8F00D3661F /* AnswerSurveyModel.swift in Sources */ = {isa = PBXBuildFile; fileRef = B75FCB3527380E8F00D3661F /* AnswerSurveyModel.swift */; };
		B7C2198B27372C95005100D7 /* ORKESerialization.m in Sources */ = {isa = PBXBuildFile; fileRef = B7C2198927372C8E005100D7 /* ORKESerialization.m */; };
		B7C2199627372CB5005100D7 /* ConsentTask.swift in Sources */ = {isa = PBXBuildFile; fileRef = B7C2198D27372CB4005100D7 /* ConsentTask.swift */; };
		B7C2199727372CB5005100D7 /* SurveyTask.swift in Sources */ = {isa = PBXBuildFile; fileRef = B7C2198E27372CB4005100D7 /* SurveyTask.swift */; };
		B7C2199927372CB5005100D7 /* examplequestion.json in Resources */ = {isa = PBXBuildFile; fileRef = B7C2199027372CB4005100D7 /* examplequestion.json */; };
		B7C2199A27372CB5005100D7 /* hardcodedquestionsurvay.swift in Sources */ = {isa = PBXBuildFile; fileRef = B7C2199127372CB5005100D7 /* hardcodedquestionsurvay.swift */; };
		B7C2199B27372CB5005100D7 /*  SurveyExtensions.swift in Sources */ = {isa = PBXBuildFile; fileRef = B7C2199227372CB5005100D7 /*  SurveyExtensions.swift */; };
		B7C2199C27372CB5005100D7 /* QuestionsSurveyModel.swift in Sources */ = {isa = PBXBuildFile; fileRef = B7C2199327372CB5005100D7 /* QuestionsSurveyModel.swift */; };
		B7C2199D27372CB5005100D7 /* ActiveTask.swift in Sources */ = {isa = PBXBuildFile; fileRef = B7C2199427372CB5005100D7 /* ActiveTask.swift */; };
		B7C2199E27372CB5005100D7 /* specmodel.swift in Sources */ = {isa = PBXBuildFile; fileRef = B7C2199527372CB5005100D7 /* specmodel.swift */; };
		B7C219A027372D0C005100D7 /* Main.storyboard in Resources */ = {isa = PBXBuildFile; fileRef = B7C2199F27372D0C005100D7 /* Main.storyboard */; };
		E6CAA617CE2660F00EB79198 /* Pods_ResearchKitExample.framework in Frameworks */ = {isa = PBXBuildFile; fileRef = C19C80BAFC557E3A7F0D1D38 /* Pods_ResearchKitExample.framework */; };
/* End PBXBuildFile section */

/* Begin PBXFileReference section */
		39656ACBB283CBD095C9899E /* Pods-ResearchKitExample.debug.xcconfig */ = {isa = PBXFileReference; includeInIndex = 1; lastKnownFileType = text.xcconfig; name = "Pods-ResearchKitExample.debug.xcconfig"; path = "Target Support Files/Pods-ResearchKitExample/Pods-ResearchKitExample.debug.xcconfig"; sourceTree = "<group>"; };
		3A277FD7CBD22D91D684FC07 /* Pods-ResearchKitExample.release.xcconfig */ = {isa = PBXFileReference; includeInIndex = 1; lastKnownFileType = text.xcconfig; name = "Pods-ResearchKitExample.release.xcconfig"; path = "Target Support Files/Pods-ResearchKitExample/Pods-ResearchKitExample.release.xcconfig"; sourceTree = "<group>"; };
		B7488D832737292600DE2CED /* ResearchKitExample.app */ = {isa = PBXFileReference; explicitFileType = wrapper.application; includeInIndex = 0; path = ResearchKitExample.app; sourceTree = BUILT_PRODUCTS_DIR; };
		B7488D862737292600DE2CED /* AppDelegate.swift */ = {isa = PBXFileReference; lastKnownFileType = sourcecode.swift; path = AppDelegate.swift; sourceTree = "<group>"; };
		B7488D882737292600DE2CED /* SceneDelegate.swift */ = {isa = PBXFileReference; lastKnownFileType = sourcecode.swift; path = SceneDelegate.swift; sourceTree = "<group>"; };
		B7488D8A2737292600DE2CED /* ViewController.swift */ = {isa = PBXFileReference; lastKnownFileType = sourcecode.swift; path = ViewController.swift; sourceTree = "<group>"; };
		B7488D8F2737292700DE2CED /* Assets.xcassets */ = {isa = PBXFileReference; lastKnownFileType = folder.assetcatalog; path = Assets.xcassets; sourceTree = "<group>"; };
		B7488D922737292700DE2CED /* Base */ = {isa = PBXFileReference; lastKnownFileType = file.storyboard; name = Base; path = Base.lproj/LaunchScreen.storyboard; sourceTree = "<group>"; };
		B7488D942737292700DE2CED /* Info.plist */ = {isa = PBXFileReference; lastKnownFileType = text.plist.xml; path = Info.plist; sourceTree = "<group>"; };
		B75FCB3527380E8F00D3661F /* AnswerSurveyModel.swift */ = {isa = PBXFileReference; lastKnownFileType = sourcecode.swift; path = AnswerSurveyModel.swift; sourceTree = "<group>"; };
		B7C2198727372C8D005100D7 /* ResearchKitExample-Bridging-Header.h */ = {isa = PBXFileReference; lastKnownFileType = sourcecode.c.h; path = "ResearchKitExample-Bridging-Header.h"; sourceTree = "<group>"; };
		B7C2198827372C8E005100D7 /* ORKESerialization.h */ = {isa = PBXFileReference; fileEncoding = 4; lastKnownFileType = sourcecode.c.h; path = ORKESerialization.h; sourceTree = "<group>"; };
		B7C2198927372C8E005100D7 /* ORKESerialization.m */ = {isa = PBXFileReference; fileEncoding = 4; lastKnownFileType = sourcecode.c.objc; path = ORKESerialization.m; sourceTree = "<group>"; };
		B7C2198D27372CB4005100D7 /* ConsentTask.swift */ = {isa = PBXFileReference; fileEncoding = 4; lastKnownFileType = sourcecode.swift; path = ConsentTask.swift; sourceTree = "<group>"; };
		B7C2198E27372CB4005100D7 /* SurveyTask.swift */ = {isa = PBXFileReference; fileEncoding = 4; lastKnownFileType = sourcecode.swift; path = SurveyTask.swift; sourceTree = "<group>"; };
		B7C2199027372CB4005100D7 /* examplequestion.json */ = {isa = PBXFileReference; fileEncoding = 4; lastKnownFileType = text.json; path = examplequestion.json; sourceTree = "<group>"; };
		B7C2199127372CB5005100D7 /* hardcodedquestionsurvay.swift */ = {isa = PBXFileReference; fileEncoding = 4; lastKnownFileType = sourcecode.swift; path = hardcodedquestionsurvay.swift; sourceTree = "<group>"; };
		B7C2199227372CB5005100D7 /*  SurveyExtensions.swift */ = {isa = PBXFileReference; fileEncoding = 4; lastKnownFileType = sourcecode.swift; path = " SurveyExtensions.swift"; sourceTree = "<group>"; };
		B7C2199327372CB5005100D7 /* QuestionsSurveyModel.swift */ = {isa = PBXFileReference; fileEncoding = 4; lastKnownFileType = sourcecode.swift; path = QuestionsSurveyModel.swift; sourceTree = "<group>"; };
		B7C2199427372CB5005100D7 /* ActiveTask.swift */ = {isa = PBXFileReference; fileEncoding = 4; lastKnownFileType = sourcecode.swift; path = ActiveTask.swift; sourceTree = "<group>"; };
		B7C2199527372CB5005100D7 /* specmodel.swift */ = {isa = PBXFileReference; fileEncoding = 4; lastKnownFileType = sourcecode.swift; path = specmodel.swift; sourceTree = "<group>"; };
		B7C2199F27372D0C005100D7 /* Main.storyboard */ = {isa = PBXFileReference; fileEncoding = 4; lastKnownFileType = file.storyboard; path = Main.storyboard; sourceTree = "<group>"; };
		C19C80BAFC557E3A7F0D1D38 /* Pods_ResearchKitExample.framework */ = {isa = PBXFileReference; explicitFileType = wrapper.framework; includeInIndex = 0; path = Pods_ResearchKitExample.framework; sourceTree = BUILT_PRODUCTS_DIR; };
/* End PBXFileReference section */

/* Begin PBXFrameworksBuildPhase section */
		B7488D802737292600DE2CED /* Frameworks */ = {
			isa = PBXFrameworksBuildPhase;
			buildActionMask = 2147483647;
			files = (
				E6CAA617CE2660F00EB79198 /* Pods_ResearchKitExample.framework in Frameworks */,
			);
			runOnlyForDeploymentPostprocessing = 0;
		};
/* End PBXFrameworksBuildPhase section */

/* Begin PBXGroup section */
		4E43FAF6FEC5C21E7ECEE9A8 /* Pods */ = {
			isa = PBXGroup;
			children = (
				39656ACBB283CBD095C9899E /* Pods-ResearchKitExample.debug.xcconfig */,
				3A277FD7CBD22D91D684FC07 /* Pods-ResearchKitExample.release.xcconfig */,
			);
			path = Pods;
			sourceTree = "<group>";
		};
		A5A14F4597E661175E06A31F /* Frameworks */ = {
			isa = PBXGroup;
			children = (
				C19C80BAFC557E3A7F0D1D38 /* Pods_ResearchKitExample.framework */,
			);
			name = Frameworks;
			sourceTree = "<group>";
		};
		B7488D7A2737292600DE2CED = {
			isa = PBXGroup;
			children = (
				B7488D852737292600DE2CED /* ResearchKitExample */,
				B7488D842737292600DE2CED /* Products */,
				4E43FAF6FEC5C21E7ECEE9A8 /* Pods */,
				A5A14F4597E661175E06A31F /* Frameworks */,
			);
			sourceTree = "<group>";
		};
		B7488D842737292600DE2CED /* Products */ = {
			isa = PBXGroup;
			children = (
				B7488D832737292600DE2CED /* ResearchKitExample.app */,
			);
			name = Products;
			sourceTree = "<group>";
		};
		B7488D852737292600DE2CED /* ResearchKitExample */ = {
			isa = PBXGroup;
			children = (
				B7C2199227372CB5005100D7 /*  SurveyExtensions.swift */,
				B7C2199427372CB5005100D7 /* ActiveTask.swift */,
				B7C2199327372CB5005100D7 /* QuestionsSurveyModel.swift */,
				B7C2198D27372CB4005100D7 /* ConsentTask.swift */,
				B7C2199027372CB4005100D7 /* examplequestion.json */,
				B7C2199127372CB5005100D7 /* hardcodedquestionsurvay.swift */,
				B7C2199527372CB5005100D7 /* specmodel.swift */,
				B7C2198E27372CB4005100D7 /* SurveyTask.swift */,
				B7C2198827372C8E005100D7 /* ORKESerialization.h */,
				B7C2198927372C8E005100D7 /* ORKESerialization.m */,
				B7488D862737292600DE2CED /* AppDelegate.swift */,
				B7488D882737292600DE2CED /* SceneDelegate.swift */,
				B7488D8A2737292600DE2CED /* ViewController.swift */,
				B7C2199F27372D0C005100D7 /* Main.storyboard */,
				B7488D8F2737292700DE2CED /* Assets.xcassets */,
				B7488D912737292700DE2CED /* LaunchScreen.storyboard */,
				B7488D942737292700DE2CED /* Info.plist */,
				B7C2198727372C8D005100D7 /* ResearchKitExample-Bridging-Header.h */,
				B75FCB3527380E8F00D3661F /* AnswerSurveyModel.swift */,
			);
			path = ResearchKitExample;
			sourceTree = "<group>";
		};
/* End PBXGroup section */

/* Begin PBXNativeTarget section */
		B7488D822737292600DE2CED /* ResearchKitExample */ = {
			isa = PBXNativeTarget;
			buildConfigurationList = B7488D972737292700DE2CED /* Build configuration list for PBXNativeTarget "ResearchKitExample" */;
			buildPhases = (
				1FFAB503DCAE27A9F1134B2D /* [CP] Check Pods Manifest.lock */,
				B7488D7F2737292600DE2CED /* Sources */,
				B7488D802737292600DE2CED /* Frameworks */,
				B7488D812737292600DE2CED /* Resources */,
				3F6BDE1B0F45E48DF29AB628 /* [CP] Embed Pods Frameworks */,
			);
			buildRules = (
			);
			dependencies = (
			);
			name = ResearchKitExample;
			productName = ResearchKitExample;
			productReference = B7488D832737292600DE2CED /* ResearchKitExample.app */;
			productType = "com.apple.product-type.application";
		};
/* End PBXNativeTarget section */

/* Begin PBXProject section */
		B7488D7B2737292600DE2CED /* Project object */ = {
			isa = PBXProject;
			attributes = {
				BuildIndependentTargetsInParallel = 1;
				LastSwiftUpdateCheck = 1310;
				LastUpgradeCheck = 1310;
				TargetAttributes = {
					B7488D822737292600DE2CED = {
						CreatedOnToolsVersion = 13.1;
						LastSwiftMigration = 1310;
					};
				};
			};
			buildConfigurationList = B7488D7E2737292600DE2CED /* Build configuration list for PBXProject "ResearchKitExample" */;
			compatibilityVersion = "Xcode 13.0";
			developmentRegion = en;
			hasScannedForEncodings = 0;
			knownRegions = (
				en,
				Base,
			);
			mainGroup = B7488D7A2737292600DE2CED;
			productRefGroup = B7488D842737292600DE2CED /* Products */;
			projectDirPath = "";
			projectRoot = "";
			targets = (
				B7488D822737292600DE2CED /* ResearchKitExample */,
			);
		};
/* End PBXProject section */

/* Begin PBXResourcesBuildPhase section */
		B7488D812737292600DE2CED /* Resources */ = {
			isa = PBXResourcesBuildPhase;
			buildActionMask = 2147483647;
			files = (
				B7488D932737292700DE2CED /* LaunchScreen.storyboard in Resources */,
				B7C219A027372D0C005100D7 /* Main.storyboard in Resources */,
				B7488D902737292700DE2CED /* Assets.xcassets in Resources */,
				B7C2199927372CB5005100D7 /* examplequestion.json in Resources */,
			);
			runOnlyForDeploymentPostprocessing = 0;
		};
/* End PBXResourcesBuildPhase section */

/* Begin PBXShellScriptBuildPhase section */
		1FFAB503DCAE27A9F1134B2D /* [CP] Check Pods Manifest.lock */ = {
			isa = PBXShellScriptBuildPhase;
			buildActionMask = 2147483647;
			files = (
			);
			inputFileListPaths = (
			);
			inputPaths = (
				"${PODS_PODFILE_DIR_PATH}/Podfile.lock",
				"${PODS_ROOT}/Manifest.lock",
			);
			name = "[CP] Check Pods Manifest.lock";
			outputFileListPaths = (
			);
			outputPaths = (
				"$(DERIVED_FILE_DIR)/Pods-ResearchKitExample-checkManifestLockResult.txt",
			);
			runOnlyForDeploymentPostprocessing = 0;
			shellPath = /bin/sh;
			shellScript = "diff \"${PODS_PODFILE_DIR_PATH}/Podfile.lock\" \"${PODS_ROOT}/Manifest.lock\" > /dev/null\nif [ $? != 0 ] ; then\n    # print error to STDERR\n    echo \"error: The sandbox is not in sync with the Podfile.lock. Run 'pod install' or update your CocoaPods installation.\" >&2\n    exit 1\nfi\n# This output is used by Xcode 'outputs' to avoid re-running this script phase.\necho \"SUCCESS\" > \"${SCRIPT_OUTPUT_FILE_0}\"\n";
			showEnvVarsInLog = 0;
		};
		3F6BDE1B0F45E48DF29AB628 /* [CP] Embed Pods Frameworks */ = {
			isa = PBXShellScriptBuildPhase;
			buildActionMask = 2147483647;
			files = (
			);
			inputFileListPaths = (
				"${PODS_ROOT}/Target Support Files/Pods-ResearchKitExample/Pods-ResearchKitExample-frameworks-${CONFIGURATION}-input-files.xcfilelist",
			);
			name = "[CP] Embed Pods Frameworks";
			outputFileListPaths = (
				"${PODS_ROOT}/Target Support Files/Pods-ResearchKitExample/Pods-ResearchKitExample-frameworks-${CONFIGURATION}-output-files.xcfilelist",
			);
			runOnlyForDeploymentPostprocessing = 0;
			shellPath = /bin/sh;
			shellScript = "\"${PODS_ROOT}/Target Support Files/Pods-ResearchKitExample/Pods-ResearchKitExample-frameworks.sh\"\n";
			showEnvVarsInLog = 0;
		};
/* End PBXShellScriptBuildPhase section */

/* Begin PBXSourcesBuildPhase section */
		B7488D7F2737292600DE2CED /* Sources */ = {
			isa = PBXSourcesBuildPhase;
			buildActionMask = 2147483647;
			files = (
				B7C2199A27372CB5005100D7 /* hardcodedquestionsurvay.swift in Sources */,
				B75FCB3627380E8F00D3661F /* AnswerSurveyModel.swift in Sources */,
				B7C2199C27372CB5005100D7 /* QuestionsSurveyModel.swift in Sources */,
				B7C2199D27372CB5005100D7 /* ActiveTask.swift in Sources */,
				B7488D8B2737292600DE2CED /* ViewController.swift in Sources */,
				B7C2198B27372C95005100D7 /* ORKESerialization.m in Sources */,
				B7C2199727372CB5005100D7 /* SurveyTask.swift in Sources */,
				B7C2199E27372CB5005100D7 /* specmodel.swift in Sources */,
				B7C2199627372CB5005100D7 /* ConsentTask.swift in Sources */,
				B7488D872737292600DE2CED /* AppDelegate.swift in Sources */,
				B7C2199B27372CB5005100D7 /*  SurveyExtensions.swift in Sources */,
				B7488D892737292600DE2CED /* SceneDelegate.swift in Sources */,
			);
			runOnlyForDeploymentPostprocessing = 0;
		};
/* End PBXSourcesBuildPhase section */

/* Begin PBXVariantGroup section */
		B7488D912737292700DE2CED /* LaunchScreen.storyboard */ = {
			isa = PBXVariantGroup;
			children = (
				B7488D922737292700DE2CED /* Base */,
			);
			name = LaunchScreen.storyboard;
			sourceTree = "<group>";
		};
/* End PBXVariantGroup section */

/* Begin XCBuildConfiguration section */
		B7488D952737292700DE2CED /* Debug */ = {
			isa = XCBuildConfiguration;
			buildSettings = {
				ALWAYS_SEARCH_USER_PATHS = NO;
				CLANG_ANALYZER_NONNULL = YES;
				CLANG_ANALYZER_NUMBER_OBJECT_CONVERSION = YES_AGGRESSIVE;
				CLANG_CXX_LANGUAGE_STANDARD = "gnu++17";
				CLANG_CXX_LIBRARY = "libc++";
				CLANG_ENABLE_MODULES = YES;
				CLANG_ENABLE_OBJC_ARC = YES;
				CLANG_ENABLE_OBJC_WEAK = YES;
				CLANG_WARN_BLOCK_CAPTURE_AUTORELEASING = YES;
				CLANG_WARN_BOOL_CONVERSION = YES;
				CLANG_WARN_COMMA = YES;
				CLANG_WARN_CONSTANT_CONVERSION = YES;
				CLANG_WARN_DEPRECATED_OBJC_IMPLEMENTATIONS = YES;
				CLANG_WARN_DIRECT_OBJC_ISA_USAGE = YES_ERROR;
				CLANG_WARN_DOCUMENTATION_COMMENTS = YES;
				CLANG_WARN_EMPTY_BODY = YES;
				CLANG_WARN_ENUM_CONVERSION = YES;
				CLANG_WARN_INFINITE_RECURSION = YES;
				CLANG_WARN_INT_CONVERSION = YES;
				CLANG_WARN_NON_LITERAL_NULL_CONVERSION = YES;
				CLANG_WARN_OBJC_IMPLICIT_RETAIN_SELF = YES;
				CLANG_WARN_OBJC_LITERAL_CONVERSION = YES;
				CLANG_WARN_OBJC_ROOT_CLASS = YES_ERROR;
				CLANG_WARN_QUOTED_INCLUDE_IN_FRAMEWORK_HEADER = YES;
				CLANG_WARN_RANGE_LOOP_ANALYSIS = YES;
				CLANG_WARN_STRICT_PROTOTYPES = YES;
				CLANG_WARN_SUSPICIOUS_MOVE = YES;
				CLANG_WARN_UNGUARDED_AVAILABILITY = YES_AGGRESSIVE;
				CLANG_WARN_UNREACHABLE_CODE = YES;
				CLANG_WARN__DUPLICATE_METHOD_MATCH = YES;
				COPY_PHASE_STRIP = NO;
				DEBUG_INFORMATION_FORMAT = dwarf;
				ENABLE_STRICT_OBJC_MSGSEND = YES;
				ENABLE_TESTABILITY = YES;
				GCC_C_LANGUAGE_STANDARD = gnu11;
				GCC_DYNAMIC_NO_PIC = NO;
				GCC_NO_COMMON_BLOCKS = YES;
				GCC_OPTIMIZATION_LEVEL = 0;
				GCC_PREPROCESSOR_DEFINITIONS = (
					"DEBUG=1",
					"$(inherited)",
				);
				GCC_WARN_64_TO_32_BIT_CONVERSION = YES;
				GCC_WARN_ABOUT_RETURN_TYPE = YES_ERROR;
				GCC_WARN_UNDECLARED_SELECTOR = YES;
				GCC_WARN_UNINITIALIZED_AUTOS = YES_AGGRESSIVE;
				GCC_WARN_UNUSED_FUNCTION = YES;
				GCC_WARN_UNUSED_VARIABLE = YES;
				IPHONEOS_DEPLOYMENT_TARGET = 15.0;
				MTL_ENABLE_DEBUG_INFO = INCLUDE_SOURCE;
				MTL_FAST_MATH = YES;
				ONLY_ACTIVE_ARCH = YES;
				SDKROOT = iphoneos;
				SWIFT_ACTIVE_COMPILATION_CONDITIONS = DEBUG;
				SWIFT_OPTIMIZATION_LEVEL = "-Onone";
			};
			name = Debug;
		};
		B7488D962737292700DE2CED /* Release */ = {
			isa = XCBuildConfiguration;
			buildSettings = {
				ALWAYS_SEARCH_USER_PATHS = NO;
				CLANG_ANALYZER_NONNULL = YES;
				CLANG_ANALYZER_NUMBER_OBJECT_CONVERSION = YES_AGGRESSIVE;
				CLANG_CXX_LANGUAGE_STANDARD = "gnu++17";
				CLANG_CXX_LIBRARY = "libc++";
				CLANG_ENABLE_MODULES = YES;
				CLANG_ENABLE_OBJC_ARC = YES;
				CLANG_ENABLE_OBJC_WEAK = YES;
				CLANG_WARN_BLOCK_CAPTURE_AUTORELEASING = YES;
				CLANG_WARN_BOOL_CONVERSION = YES;
				CLANG_WARN_COMMA = YES;
				CLANG_WARN_CONSTANT_CONVERSION = YES;
				CLANG_WARN_DEPRECATED_OBJC_IMPLEMENTATIONS = YES;
				CLANG_WARN_DIRECT_OBJC_ISA_USAGE = YES_ERROR;
				CLANG_WARN_DOCUMENTATION_COMMENTS = YES;
				CLANG_WARN_EMPTY_BODY = YES;
				CLANG_WARN_ENUM_CONVERSION = YES;
				CLANG_WARN_INFINITE_RECURSION = YES;
				CLANG_WARN_INT_CONVERSION = YES;
				CLANG_WARN_NON_LITERAL_NULL_CONVERSION = YES;
				CLANG_WARN_OBJC_IMPLICIT_RETAIN_SELF = YES;
				CLANG_WARN_OBJC_LITERAL_CONVERSION = YES;
				CLANG_WARN_OBJC_ROOT_CLASS = YES_ERROR;
				CLANG_WARN_QUOTED_INCLUDE_IN_FRAMEWORK_HEADER = YES;
				CLANG_WARN_RANGE_LOOP_ANALYSIS = YES;
				CLANG_WARN_STRICT_PROTOTYPES = YES;
				CLANG_WARN_SUSPICIOUS_MOVE = YES;
				CLANG_WARN_UNGUARDED_AVAILABILITY = YES_AGGRESSIVE;
				CLANG_WARN_UNREACHABLE_CODE = YES;
				CLANG_WARN__DUPLICATE_METHOD_MATCH = YES;
				COPY_PHASE_STRIP = NO;
				DEBUG_INFORMATION_FORMAT = "dwarf-with-dsym";
				ENABLE_NS_ASSERTIONS = NO;
				ENABLE_STRICT_OBJC_MSGSEND = YES;
				GCC_C_LANGUAGE_STANDARD = gnu11;
				GCC_NO_COMMON_BLOCKS = YES;
				GCC_WARN_64_TO_32_BIT_CONVERSION = YES;
				GCC_WARN_ABOUT_RETURN_TYPE = YES_ERROR;
				GCC_WARN_UNDECLARED_SELECTOR = YES;
				GCC_WARN_UNINITIALIZED_AUTOS = YES_AGGRESSIVE;
				GCC_WARN_UNUSED_FUNCTION = YES;
				GCC_WARN_UNUSED_VARIABLE = YES;
				IPHONEOS_DEPLOYMENT_TARGET = 15.0;
				MTL_ENABLE_DEBUG_INFO = NO;
				MTL_FAST_MATH = YES;
				SDKROOT = iphoneos;
				SWIFT_COMPILATION_MODE = wholemodule;
				SWIFT_OPTIMIZATION_LEVEL = "-O";
				VALIDATE_PRODUCT = YES;
			};
			name = Release;
		};
		B7488D982737292700DE2CED /* Debug */ = {
			isa = XCBuildConfiguration;
			baseConfigurationReference = 39656ACBB283CBD095C9899E /* Pods-ResearchKitExample.debug.xcconfig */;
			buildSettings = {
				ASSETCATALOG_COMPILER_APPICON_NAME = AppIcon;
				ASSETCATALOG_COMPILER_GLOBAL_ACCENT_COLOR_NAME = AccentColor;
				CLANG_ENABLE_MODULES = YES;
				CODE_SIGN_STYLE = Automatic;
				CURRENT_PROJECT_VERSION = 1;
				DEVELOPMENT_TEAM = 3VV7T7W7D6;
				GENERATE_INFOPLIST_FILE = YES;
				INFOPLIST_FILE = ResearchKitExample/Info.plist;
				INFOPLIST_KEY_UIApplicationSupportsIndirectInputEvents = YES;
				INFOPLIST_KEY_UILaunchStoryboardName = LaunchScreen;
				INFOPLIST_KEY_UIMainStoryboardFile = Main;
				INFOPLIST_KEY_UISupportedInterfaceOrientations_iPad = "UIInterfaceOrientationPortrait UIInterfaceOrientationPortraitUpsideDown UIInterfaceOrientationLandscapeLeft UIInterfaceOrientationLandscapeRight";
				INFOPLIST_KEY_UISupportedInterfaceOrientations_iPhone = "UIInterfaceOrientationPortrait UIInterfaceOrientationLandscapeLeft UIInterfaceOrientationLandscapeRight";
				LD_RUNPATH_SEARCH_PATHS = (
					"$(inherited)",
					"@executable_path/Frameworks",
				);
				MARKETING_VERSION = 1.0;
				PRODUCT_BUNDLE_IDENTIFIER = com.researchkit.com.ResearchKitExample;
				PRODUCT_NAME = "$(TARGET_NAME)";
				SWIFT_EMIT_LOC_STRINGS = YES;
				SWIFT_OBJC_BRIDGING_HEADER = "ResearchKitExample/ResearchKitExample-Bridging-Header.h";
				SWIFT_OPTIMIZATION_LEVEL = "-Onone";
				SWIFT_VERSION = 5.0;
				TARGETED_DEVICE_FAMILY = "1,2";
			};
			name = Debug;
		};
		B7488D992737292700DE2CED /* Release */ = {
			isa = XCBuildConfiguration;
			baseConfigurationReference = 3A277FD7CBD22D91D684FC07 /* Pods-ResearchKitExample.release.xcconfig */;
			buildSettings = {
				ASSETCATALOG_COMPILER_APPICON_NAME = AppIcon;
				ASSETCATALOG_COMPILER_GLOBAL_ACCENT_COLOR_NAME = AccentColor;
				CLANG_ENABLE_MODULES = YES;
				CODE_SIGN_STYLE = Automatic;
				CURRENT_PROJECT_VERSION = 1;
				DEVELOPMENT_TEAM = 3VV7T7W7D6;
				GENERATE_INFOPLIST_FILE = YES;
				INFOPLIST_FILE = ResearchKitExample/Info.plist;
				INFOPLIST_KEY_UIApplicationSupportsIndirectInputEvents = YES;
				INFOPLIST_KEY_UILaunchStoryboardName = LaunchScreen;
				INFOPLIST_KEY_UIMainStoryboardFile = Main;
				INFOPLIST_KEY_UISupportedInterfaceOrientations_iPad = "UIInterfaceOrientationPortrait UIInterfaceOrientationPortraitUpsideDown UIInterfaceOrientationLandscapeLeft UIInterfaceOrientationLandscapeRight";
				INFOPLIST_KEY_UISupportedInterfaceOrientations_iPhone = "UIInterfaceOrientationPortrait UIInterfaceOrientationLandscapeLeft UIInterfaceOrientationLandscapeRight";
				LD_RUNPATH_SEARCH_PATHS = (
					"$(inherited)",
					"@executable_path/Frameworks",
				);
				MARKETING_VERSION = 1.0;
				PRODUCT_BUNDLE_IDENTIFIER = com.researchkit.com.ResearchKitExample;
				PRODUCT_NAME = "$(TARGET_NAME)";
				SWIFT_EMIT_LOC_STRINGS = YES;
				SWIFT_OBJC_BRIDGING_HEADER = "ResearchKitExample/ResearchKitExample-Bridging-Header.h";
				SWIFT_VERSION = 5.0;
				TARGETED_DEVICE_FAMILY = "1,2";
			};
			name = Release;
		};
/* End XCBuildConfiguration section */

/* Begin XCConfigurationList section */
		B7488D7E2737292600DE2CED /* Build configuration list for PBXProject "ResearchKitExample" */ = {
			isa = XCConfigurationList;
			buildConfigurations = (
				B7488D952737292700DE2CED /* Debug */,
				B7488D962737292700DE2CED /* Release */,
			);
			defaultConfigurationIsVisible = 0;
			defaultConfigurationName = Release;
		};
		B7488D972737292700DE2CED /* Build configuration list for PBXNativeTarget "ResearchKitExample" */ = {
			isa = XCConfigurationList;
			buildConfigurations = (
				B7488D982737292700DE2CED /* Debug */,
				B7488D992737292700DE2CED /* Release */,
			);
			defaultConfigurationIsVisible = 0;
			defaultConfigurationName = Release;
		};
/* End XCConfigurationList section */
	};
	rootObject = B7488D7B2737292600DE2CED /* Project object */;
}
